
Microsoft Visual Studio Solution File, Format Version 12.00
# Visual Studio Version 17
VisualStudioVersion = 17.2.32630.192
MinimumVisualStudioVersion = 10.0.40219.1
Project("{FAE04EC0-301F-11D3-BF4B-00C04F79EFBC}") = "LineComparison", "LineComparison\LineComparison.csproj", "{88D8069A-FCDF-4657-8BA6-C5F60A083CBC}"
EndProject
Global
	GlobalSection(SolutionConfigurationPlatforms) = preSolution
		Debug|Any CPU = Debug|Any CPU
		Release|Any CPU = Release|Any CPU
	EndGlobalSection
	GlobalSection(ProjectConfigurationPlatforms) = postSolution
		{88D8069A-FCDF-4657-8BA6-C5F60A083CBC}.Debug|Any CPU.ActiveCfg = Debug|Any CPU
		{88D8069A-FCDF-4657-8BA6-C5F60A083CBC}.Debug|Any CPU.Build.0 = Debug|Any CPU
		{88D8069A-FCDF-4657-8BA6-C5F60A083CBC}.Release|Any CPU.ActiveCfg = Release|Any CPU
		{88D8069A-FCDF-4657-8BA6-C5F60A083CBC}.Release|Any CPU.Build.0 = Release|Any CPU
	EndGlobalSection
	GlobalSection(SolutionProperties) = preSolution
		HideSolutionNode = FALSE
	EndGlobalSection
	GlobalSection(ExtensibilityGlobals) = postSolution
		SolutionGuid = {B752FF54-2F55-4F0D-81E7-29139DD134A1}
	EndGlobalSection
EndGlobal
